{
  "version": 4,
  "terraform_version": "1.0.8",
  "serial": 60,
  "lineage": "3495187f-708a-9ffe-5b55-b719e5252270",
  "outputs": {
    "Volume_Creation": {
      "value": {
        "arn": "arn:aws:ec2:us-east-2:909408495248:volume/vol-0ea5384bbe9a89a9b",
        "availability_zone": "us-east-2c",
        "encrypted": false,
        "id": "vol-0ea5384bbe9a89a9b",
        "iops": 100,
        "kms_key_id": "",
        "multi_attach_enabled": false,
        "outpost_arn": "",
        "size": 1,
        "snapshot_id": "",
        "tags": {
          "Name": "data-volume"
        },
        "tags_all": {
          "Name": "data-volume"
        },
        "throughput": 0,
        "type": "gp2"
      },
      "type": [
        "object",
        {
          "arn": "string",
          "availability_zone": "string",
          "encrypted": "bool",
          "id": "string",
          "iops": "number",
          "kms_key_id": "string",
          "multi_attach_enabled": "bool",
          "outpost_arn": "string",
          "size": "number",
          "snapshot_id": "string",
          "tags": [
            "map",
            "string"
          ],
          "tags_all": [
            "map",
            "string"
          ],
          "throughput": "number",
          "type": "string"
        }
      ]
    },
    "public_ip": {
      "value": [
        "18.220.249.109"
      ],
      "type": [
        "tuple",
        [
          "string"
        ]
      ]
    }
  },
  "resources": [
    {
      "mode": "data",
      "type": "template_file",
      "name": "user_data",
      "provider": "provider[\"registry.terraform.io/hashicorp/template\"]",
      "instances": [
        {
          "schema_version": 0,
          "attributes": {
            "filename": null,
            "id": "ed0b171113a91fd479fc435709399ee42d600201487eebd731da29cc33c14bba",
            "rendered": "#cloud-config\ngroups :\n    - ubuntu: [root,sys]\n    - deploy\n\nusers: \n  - default\n  - name : deploy\n    gecos : deploy\n    shell : /bin/bash\n    primary-group : deploy\n    sudo: ALL=(ALL) NOPASSWD:ALL\n    lock_passwd: false\n    ssh_authorized_keys:\n     # -ssh-rsa AAAAB3NzaC1yc2EAAAADAQABAAABAQC5f9nHq1HjhgYm4KQlLpiGSTyZCmrJS57SLaMpfAW16cIOa5ISiZIkAZ/BDTmNRABhKLMmDfzHBMolKIEbvoRKg24cPSsSuq08rGBEzwkNeeUn50O0XpWus2ddHj/P+NjVIeyOlpyLbWVCo6ziXUg+7BcLxZplms1mmrnkPi08UIojUuIoOUNfM+ctxd7AWoNgSJxvuZaUEZnbJQeiuqYWMecQrAKo/DO0h1UffKJgO3BuJfgdjuTwnJCHRc5aXFn5VHTYD4G9iWtt+9u+1kIVsyHo07ls7rxWgqhSfqSBYYIsD4abUak4+orqazZMHF9TBPAu6hVV/OCT1ntPa9lD thor@DESKTOP-TJ9QI0T\n      -file(../terraform/ssh-files/project)\n\npackages:\n  - python3\n",
            "template": "#cloud-config\ngroups :\n    - ubuntu: [root,sys]\n    - deploy\n\nusers: \n  - default\n  - name : deploy\n    gecos : deploy\n    shell : /bin/bash\n    primary-group : deploy\n    sudo: ALL=(ALL) NOPASSWD:ALL\n    lock_passwd: false\n    ssh_authorized_keys:\n     # -ssh-rsa AAAAB3NzaC1yc2EAAAADAQABAAABAQC5f9nHq1HjhgYm4KQlLpiGSTyZCmrJS57SLaMpfAW16cIOa5ISiZIkAZ/BDTmNRABhKLMmDfzHBMolKIEbvoRKg24cPSsSuq08rGBEzwkNeeUn50O0XpWus2ddHj/P+NjVIeyOlpyLbWVCo6ziXUg+7BcLxZplms1mmrnkPi08UIojUuIoOUNfM+ctxd7AWoNgSJxvuZaUEZnbJQeiuqYWMecQrAKo/DO0h1UffKJgO3BuJfgdjuTwnJCHRc5aXFn5VHTYD4G9iWtt+9u+1kIVsyHo07ls7rxWgqhSfqSBYYIsD4abUak4+orqazZMHF9TBPAu6hVV/OCT1ntPa9lD thor@DESKTOP-TJ9QI0T\n      -file(../terraform/ssh-files/project)\n\npackages:\n  - python3\n",
            "vars": null
          },
          "sensitive_attributes": []
        }
      ]
    },
    {
      "mode": "managed",
      "type": "aws_ebs_volume",
      "name": "data-vol",
      "provider": "provider[\"registry.terraform.io/hashicorp/aws\"]",
      "instances": [
        {
          "schema_version": 0,
          "attributes": {
            "arn": "arn:aws:ec2:us-east-2:909408495248:volume/vol-0ea5384bbe9a89a9b",
            "availability_zone": "us-east-2c",
            "encrypted": false,
            "id": "vol-0ea5384bbe9a89a9b",
            "iops": 100,
            "kms_key_id": "",
            "multi_attach_enabled": false,
            "outpost_arn": "",
            "size": 1,
            "snapshot_id": "",
            "tags": {
              "Name": "data-volume"
            },
            "tags_all": {
              "Name": "data-volume"
            },
            "throughput": 0,
            "type": "gp2"
          },
          "sensitive_attributes": [],
          "private": "bnVsbA==",
          "dependencies": [
            "aws_instance.app_instance",
            "aws_security_group.SD_devops",
            "data.template_file.user_data"
          ]
        }
      ]
    },
    {
      "mode": "managed",
      "type": "aws_instance",
      "name": "app_instance",
      "provider": "provider[\"registry.terraform.io/hashicorp/aws\"]",
      "instances": [
        {
          "schema_version": 1,
          "attributes": {
            "ami": "ami-0d97ef13c06b05a19",
            "arn": "arn:aws:ec2:us-east-2:909408495248:instance/i-03b0007be6cd664eb",
            "associate_public_ip_address": true,
            "availability_zone": "us-east-2c",
            "capacity_reservation_specification": [
              {
                "capacity_reservation_preference": "open",
                "capacity_reservation_target": []
              }
            ],
            "cpu_core_count": 1,
            "cpu_threads_per_core": 1,
            "credit_specification": [
              {
                "cpu_credits": "standard"
              }
            ],
            "disable_api_termination": false,
            "ebs_block_device": [],
            "ebs_optimized": false,
            "enclave_options": [
              {
                "enabled": false
              }
            ],
            "ephemeral_block_device": [],
            "get_password_data": false,
            "hibernation": false,
            "host_id": null,
            "iam_instance_profile": "",
            "id": "i-03b0007be6cd664eb",
            "instance_initiated_shutdown_behavior": "stop",
            "instance_state": "running",
            "instance_type": "t2.micro",
            "ipv6_address_count": 0,
            "ipv6_addresses": [],
            "key_name": "project.pub",
            "launch_template": [],
            "metadata_options": [
              {
                "http_endpoint": "enabled",
                "http_put_response_hop_limit": 1,
                "http_tokens": "optional"
              }
            ],
            "monitoring": false,
            "network_interface": [],
            "outpost_arn": "",
            "password_data": "",
            "placement_group": "",
            "placement_partition_number": null,
            "primary_network_interface_id": "eni-03e91908ab28d3a09",
            "private_dns": "ip-172-31-34-35.us-east-2.compute.internal",
            "private_ip": "172.31.34.35",
            "public_dns": "ec2-18-220-249-109.us-east-2.compute.amazonaws.com",
            "public_ip": "18.220.249.109",
            "root_block_device": [
              {
                "delete_on_termination": true,
                "device_name": "/dev/sda1",
                "encrypted": false,
                "iops": 100,
                "kms_key_id": "",
                "tags": {},
                "throughput": 0,
                "volume_id": "vol-0fb5d4a5f3fbaa797",
                "volume_size": 10,
                "volume_type": "gp2"
              }
            ],
            "secondary_private_ips": [],
            "security_groups": [
              "SD_devops"
            ],
            "source_dest_check": true,
            "subnet_id": "subnet-4490a208",
            "tags": {
              "Environment": "dev",
              "Groups": "app",
              "Name": "dev-Duboze-Stephane",
              "Owner": "stephane.duboze@ynov.com"
            },
            "tags_all": {
              "Environment": "dev",
              "Groups": "app",
              "Name": "dev-Duboze-Stephane",
              "Owner": "stephane.duboze@ynov.com"
            },
            "tenancy": "default",
            "timeouts": null,
            "user_data": "01abfc0924c6aefd49cbb67306691c54debf83be",
            "user_data_base64": null,
            "volume_tags": null,
            "vpc_security_group_ids": [
              "sg-009fb3bb3167c9478"
            ]
          },
          "sensitive_attributes": [],
          "private": "eyJlMmJmYjczMC1lY2FhLTExZTYtOGY4OC0zNDM2M2JjN2M0YzAiOnsiY3JlYXRlIjo2MDAwMDAwMDAwMDAsImRlbGV0ZSI6MTIwMDAwMDAwMDAwMCwidXBkYXRlIjo2MDAwMDAwMDAwMDB9LCJzY2hlbWFfdmVyc2lvbiI6IjEifQ==",
          "dependencies": [
            "aws_security_group.SD_devops",
            "data.template_file.user_data"
          ]
        }
      ]
    },
    {
      "mode": "managed",
      "type": "aws_key_pair",
      "name": "deployer",
      "provider": "provider[\"registry.terraform.io/hashicorp/aws\"]",
      "instances": [
        {
          "schema_version": 1,
          "attributes": {
            "arn": "arn:aws:ec2:us-east-2:909408495248:key-pair/project.pub",
            "fingerprint": "ad:c4:30:82:0a:7f:a8:79:4b:a2:32:e7:75:3f:31:86",
            "id": "project.pub",
            "key_name": "project.pub",
            "key_name_prefix": "",
            "key_pair_id": "key-04a08c4b4e82fe064",
            "public_key": "ssh-rsa AAAAB3NzaC1yc2EAAAADAQABAAABAQC5f9nHq1HjhgYm4KQlLpiGSTyZCmrJS57SLaMpfAW16cIOa5ISiZIkAZ/BDTmNRABhKLMmDfzHBMolKIEbvoRKg24cPSsSuq08rGBEzwkNeeUn50O0XpWus2ddHj/P+NjVIeyOlpyLbWVCo6ziXUg+7BcLxZplms1mmrnkPi08UIojUuIoOUNfM+ctxd7AWoNgSJxvuZaUEZnbJQeiuqYWMecQrAKo/DO0h1UffKJgO3BuJfgdjuTwnJCHRc5aXFn5VHTYD4G9iWtt+9u+1kIVsyHo07ls7rxWgqhSfqSBYYIsD4abUak4+orqazZMHF9TBPAu6hVV/OCT1ntPa9lD thor@DESKTOP-TJ9QI0T",
            "tags": {
              "Name": "Duboze-Stephane"
            },
            "tags_all": {
              "Name": "Duboze-Stephane"
            }
          },
          "sensitive_attributes": [],
          "private": "eyJzY2hlbWFfdmVyc2lvbiI6IjEifQ=="
        }
      ]
    },
    {
      "mode": "managed",
      "type": "aws_security_group",
      "name": "SD_devops",
      "provider": "provider[\"registry.terraform.io/hashicorp/aws\"]",
      "instances": [
        {
          "schema_version": 1,
          "attributes": {
            "arn": "arn:aws:ec2:us-east-2:909408495248:security-group/sg-009fb3bb3167c9478",
            "description": "Allow SSH inbound traffic",
            "egress": [
              {
                "cidr_blocks": [
                  "0.0.0.0/0"
                ],
                "description": "",
                "from_port": 0,
                "ipv6_cidr_blocks": [],
                "prefix_list_ids": [],
                "protocol": "-1",
                "security_groups": [],
                "self": false,
                "to_port": 0
              }
            ],
            "id": "sg-009fb3bb3167c9478",
            "ingress": [
              {
                "cidr_blocks": [
                  "0.0.0.0/0"
                ],
                "description": "Open 8080",
                "from_port": 8080,
                "ipv6_cidr_blocks": [],
                "prefix_list_ids": [],
                "protocol": "tcp",
                "security_groups": [],
                "self": false,
                "to_port": 8080
              },
              {
                "cidr_blocks": [
                  "0.0.0.0/0"
                ],
                "description": "SSH from VPC",
                "from_port": -1,
                "ipv6_cidr_blocks": [],
                "prefix_list_ids": [],
                "protocol": "icmp",
                "security_groups": [],
                "self": false,
                "to_port": -1
              },
              {
                "cidr_blocks": [
                  "0.0.0.0/0"
                ],
                "description": "SSH from VPC",
                "from_port": 22,
                "ipv6_cidr_blocks": [],
                "prefix_list_ids": [],
                "protocol": "tcp",
                "security_groups": [],
                "self": false,
                "to_port": 22
              }
            ],
            "name": "SD_devops",
            "name_prefix": "",
            "owner_id": "909408495248",
            "revoke_rules_on_delete": false,
            "tags": {},
            "tags_all": {},
            "timeouts": null,
            "vpc_id": "vpc-a00c78cb"
          },
          "sensitive_attributes": [],
          "private": "eyJlMmJmYjczMC1lY2FhLTExZTYtOGY4OC0zNDM2M2JjN2M0YzAiOnsiY3JlYXRlIjo2MDAwMDAwMDAwMDAsImRlbGV0ZSI6OTAwMDAwMDAwMDAwfSwic2NoZW1hX3ZlcnNpb24iOiIxIn0=",
          "create_before_destroy": true
        }
      ]
    },
    {
      "mode": "managed",
      "type": "aws_volume_attachment",
      "name": "ebs_att",
      "provider": "provider[\"registry.terraform.io/hashicorp/aws\"]",
      "instances": [
        {
          "schema_version": 0,
          "attributes": {
            "device_name": "/dev/sdh",
            "force_detach": null,
            "id": "vai-444552135",
            "instance_id": "i-03b0007be6cd664eb",
            "skip_destroy": null,
            "stop_instance_before_detaching": null,
            "volume_id": "vol-0ea5384bbe9a89a9b"
          },
          "sensitive_attributes": [],
          "private": "bnVsbA==",
          "dependencies": [
            "aws_ebs_volume.data-vol",
            "aws_instance.app_instance",
            "aws_security_group.SD_devops",
            "data.template_file.user_data"
          ]
        }
      ]
    }
  ]
}
