{
  "version": 4,
  "terraform_version": "1.0.8",
  "serial": 8,
  "lineage": "3495187f-708a-9ffe-5b55-b719e5252270",
  "outputs": {
    "public_ip": {
      "value": [
        "3.137.191.157"
      ],
      "type": [
        "tuple",
        [
          "string"
        ]
      ]
    }
  },
  "resources": [
    {
      "mode": "data",
      "type": "template_file",
      "name": "user_data",
      "provider": "provider[\"registry.terraform.io/hashicorp/template\"]",
      "instances": [
        {
          "schema_version": 0,
          "attributes": {
            "filename": null,
            "id": "eb074df49b3ff32089d95e6eedee651c03b3c9260854ab9ffa3f182c2a915dbb",
            "rendered": "#cloud-config\ngroups :\n    - ubuntu: [root,sys]\n    - deploy\n\nusers: \n  - default\n  - name : deploy\n    gecos : deploy\n    shell : /bin/bash\n    primary-group : deploy\n    sudo: ALL=(ALL) NOPASSWD:ALL\n    lock_passwd: false\n    ssh_authorized_keys:\n      -ssh-rsa AAAAB3NzaC1yc2EAAAADAQABAAABAQC5f9nHq1HjhgYm4KQlLpiGSTyZCmrJS57SLaMpfAW16cIOa5ISiZIkAZ/BDTmNRABhKLMmDfzHBMolKIEbvoRKg24cPSsSuq08rGBEzwkNeeUn50O0XpWus2ddHj/P+NjVIeyOlpyLbWVCo6ziXUg+7BcLxZplms1mmrnkPi08UIojUuIoOUNfM+ctxd7AWoNgSJxvuZaUEZnbJQeiuqYWMecQrAKo/DO0h1UffKJgO3BuJfgdjuTwnJCHRc5aXFn5VHTYD4G9iWtt+9u+1kIVsyHo07ls7rxWgqhSfqSBYYIsD4abUak4+orqazZMHF9TBPAu6hVV/OCT1ntPa9lD thor@DESKTOP-TJ9QI0T\n\npackages:\n  - python3\nruncmd:\n  -   alias python=python3",
            "template": "#cloud-config\ngroups :\n    - ubuntu: [root,sys]\n    - deploy\n\nusers: \n  - default\n  - name : deploy\n    gecos : deploy\n    shell : /bin/bash\n    primary-group : deploy\n    sudo: ALL=(ALL) NOPASSWD:ALL\n    lock_passwd: false\n    ssh_authorized_keys:\n      -ssh-rsa AAAAB3NzaC1yc2EAAAADAQABAAABAQC5f9nHq1HjhgYm4KQlLpiGSTyZCmrJS57SLaMpfAW16cIOa5ISiZIkAZ/BDTmNRABhKLMmDfzHBMolKIEbvoRKg24cPSsSuq08rGBEzwkNeeUn50O0XpWus2ddHj/P+NjVIeyOlpyLbWVCo6ziXUg+7BcLxZplms1mmrnkPi08UIojUuIoOUNfM+ctxd7AWoNgSJxvuZaUEZnbJQeiuqYWMecQrAKo/DO0h1UffKJgO3BuJfgdjuTwnJCHRc5aXFn5VHTYD4G9iWtt+9u+1kIVsyHo07ls7rxWgqhSfqSBYYIsD4abUak4+orqazZMHF9TBPAu6hVV/OCT1ntPa9lD thor@DESKTOP-TJ9QI0T\n\npackages:\n  - python3\nruncmd:\n  -   alias python=python3",
            "vars": null
          },
          "sensitive_attributes": []
        }
      ]
    },
    {
      "mode": "managed",
      "type": "aws_instance",
      "name": "app_instance",
      "provider": "provider[\"registry.terraform.io/hashicorp/aws\"]",
      "instances": [
        {
          "index_key": 0,
          "schema_version": 1,
          "attributes": {
            "ami": "ami-0d97ef13c06b05a19",
            "arn": "arn:aws:ec2:us-east-2:909408495248:instance/i-0251de7badbd2d0ff",
            "associate_public_ip_address": true,
            "availability_zone": "us-east-2b",
            "capacity_reservation_specification": [
              {
                "capacity_reservation_preference": "open",
                "capacity_reservation_target": []
              }
            ],
            "cpu_core_count": 1,
            "cpu_threads_per_core": 1,
            "credit_specification": [
              {
                "cpu_credits": "standard"
              }
            ],
            "disable_api_termination": false,
            "ebs_block_device": [],
            "ebs_optimized": false,
            "enclave_options": [
              {
                "enabled": false
              }
            ],
            "ephemeral_block_device": [],
            "get_password_data": false,
            "hibernation": false,
            "host_id": null,
            "iam_instance_profile": "",
            "id": "i-0251de7badbd2d0ff",
            "instance_initiated_shutdown_behavior": "stop",
            "instance_state": "running",
            "instance_type": "t2.micro",
            "ipv6_address_count": 0,
            "ipv6_addresses": [],
            "key_name": "project.pub",
            "launch_template": [],
            "metadata_options": [
              {
                "http_endpoint": "enabled",
                "http_put_response_hop_limit": 1,
                "http_tokens": "optional"
              }
            ],
            "monitoring": false,
            "network_interface": [],
            "outpost_arn": "",
            "password_data": "",
            "placement_group": "",
            "placement_partition_number": null,
            "primary_network_interface_id": "eni-0182976dbfb772cd5",
            "private_dns": "ip-172-31-24-45.us-east-2.compute.internal",
            "private_ip": "172.31.24.45",
            "public_dns": "ec2-3-137-191-157.us-east-2.compute.amazonaws.com",
            "public_ip": "3.137.191.157",
            "root_block_device": [
              {
                "delete_on_termination": true,
                "device_name": "/dev/sda1",
                "encrypted": false,
                "iops": 100,
                "kms_key_id": "",
                "tags": {},
                "throughput": 0,
                "volume_id": "vol-0b630faaa9df402fb",
                "volume_size": 10,
                "volume_type": "gp2"
              }
            ],
            "secondary_private_ips": [],
            "security_groups": [
              "moustache"
            ],
            "source_dest_check": true,
            "subnet_id": "subnet-550bc128",
            "tags": {
              "Environment": "dev",
              "Groups": "app",
              "Name": "dev-Duboze-Stephane-0",
              "Owner": "stephane.duboze@ynov.com"
            },
            "tags_all": {
              "Environment": "dev",
              "Groups": "app",
              "Name": "dev-Duboze-Stephane-0",
              "Owner": "stephane.duboze@ynov.com"
            },
            "tenancy": "default",
            "timeouts": null,
            "user_data": "d320edbbf96f1888496ac8320af74f5ea57e3e81",
            "user_data_base64": null,
            "volume_tags": null,
            "vpc_security_group_ids": [
              "sg-07bcc700e0b7f551f"
            ]
          },
          "sensitive_attributes": [],
          "private": "eyJlMmJmYjczMC1lY2FhLTExZTYtOGY4OC0zNDM2M2JjN2M0YzAiOnsiY3JlYXRlIjo2MDAwMDAwMDAwMDAsImRlbGV0ZSI6MTIwMDAwMDAwMDAwMCwidXBkYXRlIjo2MDAwMDAwMDAwMDB9LCJzY2hlbWFfdmVyc2lvbiI6IjEifQ==",
          "dependencies": [
            "aws_security_group.moustache",
            "data.template_file.user_data"
          ]
        }
      ]
    },
    {
      "mode": "managed",
      "type": "aws_key_pair",
      "name": "deployer",
      "provider": "provider[\"registry.terraform.io/hashicorp/aws\"]",
      "instances": [
        {
          "schema_version": 1,
          "attributes": {
            "arn": "arn:aws:ec2:us-east-2:909408495248:key-pair/project.pub",
            "fingerprint": "ad:c4:30:82:0a:7f:a8:79:4b:a2:32:e7:75:3f:31:86",
            "id": "project.pub",
            "key_name": "project.pub",
            "key_name_prefix": "",
            "key_pair_id": "key-0c319c910a41bc638",
            "public_key": "ssh-rsa AAAAB3NzaC1yc2EAAAADAQABAAABAQC5f9nHq1HjhgYm4KQlLpiGSTyZCmrJS57SLaMpfAW16cIOa5ISiZIkAZ/BDTmNRABhKLMmDfzHBMolKIEbvoRKg24cPSsSuq08rGBEzwkNeeUn50O0XpWus2ddHj/P+NjVIeyOlpyLbWVCo6ziXUg+7BcLxZplms1mmrnkPi08UIojUuIoOUNfM+ctxd7AWoNgSJxvuZaUEZnbJQeiuqYWMecQrAKo/DO0h1UffKJgO3BuJfgdjuTwnJCHRc5aXFn5VHTYD4G9iWtt+9u+1kIVsyHo07ls7rxWgqhSfqSBYYIsD4abUak4+orqazZMHF9TBPAu6hVV/OCT1ntPa9lD thor@DESKTOP-TJ9QI0T",
            "tags": {
              "Name": "Duboze-Stephane"
            },
            "tags_all": {
              "Name": "Duboze-Stephane"
            }
          },
          "sensitive_attributes": [],
          "private": "eyJzY2hlbWFfdmVyc2lvbiI6IjEifQ=="
        }
      ]
    },
    {
      "mode": "managed",
      "type": "aws_security_group",
      "name": "moustache",
      "provider": "provider[\"registry.terraform.io/hashicorp/aws\"]",
      "instances": [
        {
          "schema_version": 1,
          "attributes": {
            "arn": "arn:aws:ec2:us-east-2:909408495248:security-group/sg-07bcc700e0b7f551f",
            "description": "Allow SSH inbound traffic",
            "egress": [
              {
                "cidr_blocks": [
                  "0.0.0.0/0"
                ],
                "description": "",
                "from_port": 0,
                "ipv6_cidr_blocks": [],
                "prefix_list_ids": [],
                "protocol": "-1",
                "security_groups": [],
                "self": false,
                "to_port": 0
              }
            ],
            "id": "sg-07bcc700e0b7f551f",
            "ingress": [
              {
                "cidr_blocks": [
                  "0.0.0.0/0"
                ],
                "description": "SSH from VPC",
                "from_port": -1,
                "ipv6_cidr_blocks": [],
                "prefix_list_ids": [],
                "protocol": "icmp",
                "security_groups": [],
                "self": false,
                "to_port": -1
              },
              {
                "cidr_blocks": [
                  "0.0.0.0/0"
                ],
                "description": "SSH from VPC",
                "from_port": 22,
                "ipv6_cidr_blocks": [],
                "prefix_list_ids": [],
                "protocol": "tcp",
                "security_groups": [],
                "self": false,
                "to_port": 22
              }
            ],
            "name": "moustache",
            "name_prefix": "",
            "owner_id": "909408495248",
            "revoke_rules_on_delete": false,
            "tags": {},
            "tags_all": {},
            "timeouts": null,
            "vpc_id": "vpc-a00c78cb"
          },
          "sensitive_attributes": [],
          "private": "eyJlMmJmYjczMC1lY2FhLTExZTYtOGY4OC0zNDM2M2JjN2M0YzAiOnsiY3JlYXRlIjo2MDAwMDAwMDAwMDAsImRlbGV0ZSI6OTAwMDAwMDAwMDAwfSwic2NoZW1hX3ZlcnNpb24iOiIxIn0=",
          "create_before_destroy": true
        }
      ]
    }
  ]
}
